<?xml version="1.0" encoding="utf-8"?>
<Project ToolsVersion="4.0" xmlns="http://schemas.microsoft.com/developer/msbuild/2003">
  <ItemGroup>
    <Filter Include="Arquivos de Origem">
      <UniqueIdentifier>{4FC737F1-C7A5-4376-A066-2A32D752A2FF}</UniqueIdentifier>
      <Extensions>cpp;c;cc;cxx;c++;cppm;ixx;def;odl;idl;hpj;bat;asm;asmx</Extensions>
    </Filter>
    <Filter Include="Arquivos de Cabeçalho">
      <UniqueIdentifier>{93995380-89BD-4b04-88EB-625FBE52EBFB}</UniqueIdentifier>
      <Extensions>h;hh;hpp;hxx;h++;hm;inl;inc;ipp;xsd</Extensions>
    </Filter>
    <Filter Include="Arquivos de Recurso">
      <UniqueIdentifier>{67DA6AB6-F800-4c08-8B7A-83BB121AAD01}</UniqueIdentifier>
      <Extensions>rc;ico;cur;bmp;dlg;rc2;rct;bin;rgs;gif;jpg;jpeg;jpe;resx;tiff;tif;png;wav;mfcribbon-ms</Extensions>
    </Filter>
    <Filter Include="Arquivos de Cabeçalho\Fases">
      <UniqueIdentifier>{ebad5b37-b717-42ed-a603-3d9fe68571e5}</UniqueIdentifier>
    </Filter>
    <Filter Include="Arquivos de Cabeçalho\Listas">
      <UniqueIdentifier>{660f384f-3098-49a0-9c0b-50dfb84d48aa}</UniqueIdentifier>
    </Filter>
    <Filter Include="Arquivos de Cabeçalho\Entidades">
      <UniqueIdentifier>{edb700b7-55ac-4607-9314-adb593e70e2e}</UniqueIdentifier>
    </Filter>
    <Filter Include="Arquivos de Cabeçalho\Entidades\Personagens">
      <UniqueIdentifier>{baa432ce-8b46-40f0-a31f-a6580672fa2e}</UniqueIdentifier>
    </Filter>
    <Filter Include="Arquivos de Cabeçalho\Entidades\Obstaculos">
      <UniqueIdentifier>{9f50dbfb-26fc-45e0-b101-87e91b76bd5b}</UniqueIdentifier>
    </Filter>
    <Filter Include="Arquivos de Origem\Fases">
      <UniqueIdentifier>{7e5ff04e-369b-4505-a93a-e642bb7ed949}</UniqueIdentifier>
    </Filter>
    <Filter Include="Arquivos de Origem\Listas">
      <UniqueIdentifier>{10bd4ea9-8496-4a89-bf3a-723d3f11f1fd}</UniqueIdentifier>
    </Filter>
    <Filter Include="Arquivos de Origem\Entidades">
      <UniqueIdentifier>{98c247a3-ca76-4159-a67e-abbc687dbfa1}</UniqueIdentifier>
    </Filter>
    <Filter Include="Arquivos de Origem\Entidades\Obstaculos">
      <UniqueIdentifier>{f5bf4011-fe85-49c3-8714-53df596af6f0}</UniqueIdentifier>
    </Filter>
    <Filter Include="Arquivos de Origem\Entidades\Personagens">
      <UniqueIdentifier>{93842a30-085d-459a-b2fc-cddc4f58cfef}</UniqueIdentifier>
    </Filter>
  </ItemGroup>
  <ItemGroup>
    <ClCompile Include="Main.cpp">
      <Filter>Arquivos de Origem</Filter>
    </ClCompile>
    <ClCompile Include="Jogo.cpp">
      <Filter>Arquivos de Origem</Filter>
    </ClCompile>
    <ClCompile Include="Ente.cpp">
      <Filter>Arquivos de Origem</Filter>
    </ClCompile>
    <ClCompile Include="Menu.cpp">
      <Filter>Arquivos de Origem</Filter>
    </ClCompile>
    <ClCompile Include="Fase.cpp">
      <Filter>Arquivos de Origem\Fases</Filter>
    </ClCompile>
    <ClCompile Include="Fase1.cpp">
      <Filter>Arquivos de Origem\Fases</Filter>
    </ClCompile>
    <ClCompile Include="Fase2.cpp">
      <Filter>Arquivos de Origem\Fases</Filter>
    </ClCompile>
    <ClCompile Include="ListaEntidades.cpp">
      <Filter>Arquivos de Origem\Listas</Filter>
    </ClCompile>
    <ClCompile Include="Obst_A.cpp">
      <Filter>Arquivos de Origem\Entidades\Obstaculos</Filter>
    </ClCompile>
    <ClCompile Include="Obst_B.cpp">
      <Filter>Arquivos de Origem\Entidades\Obstaculos</Filter>
    </ClCompile>
    <ClCompile Include="Obst_C.cpp">
      <Filter>Arquivos de Origem\Entidades\Obstaculos</Filter>
    </ClCompile>
    <ClCompile Include="Obstaculo.cpp">
      <Filter>Arquivos de Origem\Entidades\Obstaculos</Filter>
    </ClCompile>
    <ClCompile Include="Inimigo.cpp">
      <Filter>Arquivos de Origem\Entidades\Personagens</Filter>
    </ClCompile>
    <ClCompile Include="Inimigo_A.cpp">
      <Filter>Arquivos de Origem\Entidades\Personagens</Filter>
    </ClCompile>
    <ClCompile Include="Inimigo_B.cpp">
      <Filter>Arquivos de Origem\Entidades\Personagens</Filter>
    </ClCompile>
    <ClCompile Include="Inimigo_C.cpp">
      <Filter>Arquivos de Origem\Entidades\Personagens</Filter>
    </ClCompile>
    <ClCompile Include="Jogador.cpp">
      <Filter>Arquivos de Origem\Entidades\Personagens</Filter>
    </ClCompile>
    <ClCompile Include="Personagem.cpp">
      <Filter>Arquivos de Origem\Entidades\Personagens</Filter>
    </ClCompile>
    <ClCompile Include="Projetil.cpp">
      <Filter>Arquivos de Origem\Entidades\Personagens</Filter>
    </ClCompile>
    <ClCompile Include="Entidade.cpp">
      <Filter>Arquivos de Origem\Entidades</Filter>
    </ClCompile>
  </ItemGroup>
  <ItemGroup>
    <ClInclude Include="Jogo.h">
      <Filter>Arquivos de Cabeçalho</Filter>
    </ClInclude>
    <ClInclude Include="Ente.h">
      <Filter>Arquivos de Cabeçalho</Filter>
    </ClInclude>
    <ClInclude Include="Menu.h">
      <Filter>Arquivos de Cabeçalho</Filter>
    </ClInclude>
    <ClInclude Include="Fase.h">
      <Filter>Arquivos de Cabeçalho\Fases</Filter>
    </ClInclude>
    <ClInclude Include="Fase1.h">
      <Filter>Arquivos de Cabeçalho\Fases</Filter>
    </ClInclude>
    <ClInclude Include="Fase2.h">
      <Filter>Arquivos de Cabeçalho\Fases</Filter>
    </ClInclude>
    <ClInclude Include="Lista.h">
      <Filter>Arquivos de Cabeçalho\Listas</Filter>
    </ClInclude>
    <ClInclude Include="ListaEntidades.h">
      <Filter>Arquivos de Cabeçalho\Listas</Filter>
    </ClInclude>
    <ClInclude Include="Elemento.h">
      <Filter>Arquivos de Cabeçalho\Listas</Filter>
    </ClInclude>
    <ClInclude Include="Entidade.h">
      <Filter>Arquivos de Cabeçalho\Entidades</Filter>
    </ClInclude>
    <ClInclude Include="Jogador.h">
      <Filter>Arquivos de Cabeçalho\Entidades\Personagens</Filter>
    </ClInclude>
    <ClInclude Include="Personagem.h">
      <Filter>Arquivos de Cabeçalho\Entidades\Personagens</Filter>
    </ClInclude>
    <ClInclude Include="Inimigo.h">
      <Filter>Arquivos de Cabeçalho\Entidades\Personagens</Filter>
    </ClInclude>
    <ClInclude Include="Inimigo_A.h">
      <Filter>Arquivos de Cabeçalho\Entidades\Personagens</Filter>
    </ClInclude>
    <ClInclude Include="Inimigo_B.h">
      <Filter>Arquivos de Cabeçalho\Entidades\Personagens</Filter>
    </ClInclude>
    <ClInclude Include="Inimigo_C.h">
      <Filter>Arquivos de Cabeçalho\Entidades\Personagens</Filter>
    </ClInclude>
    <ClInclude Include="Projetil.h">
      <Filter>Arquivos de Cabeçalho\Entidades\Personagens</Filter>
    </ClInclude>
    <ClInclude Include="Obstaculo.h">
      <Filter>Arquivos de Cabeçalho\Entidades\Obstaculos</Filter>
    </ClInclude>
    <ClInclude Include="Obst_A.h">
      <Filter>Arquivos de Cabeçalho\Entidades\Obstaculos</Filter>
    </ClInclude>
    <ClInclude Include="Obst_B.h">
      <Filter>Arquivos de Cabeçalho\Entidades\Obstaculos</Filter>
    </ClInclude>
    <ClInclude Include="Obst_C.h">
      <Filter>Arquivos de Cabeçalho\Entidades\Obstaculos</Filter>
    </ClInclude>
  </ItemGroup>
</Project>